<Project xmlns="http://schemas.microsoft.com/developer/msbuild/2003">
  <PropertyGroup>
    <ProjectGuid>{2E9D8FB9-03B5-462E-8BCC-4F70F5B165BA}</ProjectGuid>
    <ProjectVersion>20.4</ProjectVersion>
    <FrameworkType>None</FrameworkType>
    <Base>True</Base>
    <Config Condition="'$(Config)'==''">Debug</Config>
    <Platform Condition="'$(Platform)'==''">Win64</Platform>
    <ProjectName Condition="'$(ProjectName)'==''">SYNC_Motion_Filter</ProjectName>
    <TargetedPlatforms>2</TargetedPlatforms>
    <AppType>Library</AppType>
    <MainSource>SYNC_Motion_Filter.dpr</MainSource>
  </PropertyGroup>
  <PropertyGroup Condition="'$(Base)'!=''">
    <GenDll>true</GenDll>
    <DCC_DcuOutput>.\$(Platform)\$(Config)\DCU</DCC_DcuOutput>
    <DCC_ExeOutput>.\$(Platform)\$(Config)</DCC_ExeOutput>
    <DCC_Namespace>System;Xml;Data;Datasnap;Web;Soap;$(DCC_Namespace)</DCC_Namespace>
    <SanitizedProjectName>SYNC_Motion_Filter</SanitizedProjectName>
  </PropertyGroup>
  <PropertyGroup Condition="'$(Config)'=='Debug'">
    <DCC_Define>DEBUG;$(DCC_Define)</DCC_Define>
    <DCC_DebugDCUs>true</DCC_DebugDCUs>
    <DCC_Optimize>false</DCC_Optimize>
    <DCC_GenerateStackFrames>true</DCC_GenerateStackFrames>
  </PropertyGroup>
  <PropertyGroup Condition="'$(Config)'=='Release'">
    <DCC_Define>RELEASE;$(DCC_Define)</DCC_Define>
    <DCC_LocalDebugSymbols>false</DCC_LocalDebugSymbols>
    <DCC_SymbolReferenceInfo>0</DCC_SymbolReferenceInfo>
    <DCC_DebugInformation>0</DCC_DebugInformation>
  </PropertyGroup>
  <ItemGroup>
    <DelphiCompile Include="$(MainSource)">
      <MainSource>MainSource</MainSource>
    </DelphiCompile>
    <DCCReference Include="Source\SYNC_Motion_FilterPlugin.pas"/>
    <DCCReference Include="Source\Lib\AviUtl2FilterTypes.pas"/>
    <DCCReference Include="Source\Lib\SYNC_Motion_FrameShared.pas"/>
    <BuildConfiguration Include="Debug">
      <Key>Debug</Key>
    </BuildConfiguration>
    <BuildConfiguration Include="Release">
      <Key>Release</Key>
    </BuildConfiguration>
  </ItemGroup>
  <ProjectExtensions>
    <Borland.Personality>Delphi.Personality.12</Borland.Personality>
    <Borland.ProjectType>Application</Borland.ProjectType>
    <BorlandProject>
      <Delphi.Personality>
        <Source>
          <Source Name="MainSource">SYNC_Motion_Filter.dpr</Source>
        </Source>
      </Delphi.Personality>
      <Platforms>
        <Platform value="Win32">False</Platform>
        <Platform value="Win64">True</Platform>
      </Platforms>
    </BorlandProject>
    <ProjectFileVersion>12</ProjectFileVersion>
  </ProjectExtensions>
  <Import Project="$(BDS)\Bin\CodeGear.Delphi.Targets" Condition="Exists('$(BDS)\Bin\CodeGear.Delphi.Targets')"/>
  <PropertyGroup Condition="'$(Platform)'=='Win64'">
    <PostBuildEvent>copy /Y &quot;$(MSBuildProjectDirectory)\$(Platform)\$(Config)\$(PROJECTNAME).dll&quot; &quot;$(MSBuildProjectDirectory)\$(Platform)\$(Config)\$(PROJECTNAME).auf2&quot;</PostBuildEvent>
    <PostBuildEventIgnoreExitCode>False</PostBuildEventIgnoreExitCode>
  </PropertyGroup>
</Project>
